
Microsoft Visual Studio Solution File, Format Version 12.00
# Visual Studio Version 17
VisualStudioVersion = 17.0.31903.59
MinimumVisualStudioVersion = 10.0.40219.1
Project("{FAE04EC0-301F-11D3-BF4B-00C04F79EFBC}") = "Marketing", "Marketing\Marketing.csproj", "{38566D18-6CDA-48D7-A475-D7493C269ED3}"
EndProject
Global
	GlobalSection(SolutionConfigurationPlatforms) = preSolution
		Debug|Any CPU = Debug|Any CPU
		Release|Any CPU = Release|Any CPU
	EndGlobalSection
	GlobalSection(ProjectConfigurationPlatforms) = postSolution
		{38566D18-6CDA-48D7-A475-D7493C269ED3}.Debug|Any CPU.ActiveCfg = Debug|Any CPU
		{38566D18-6CDA-48D7-A475-D7493C269ED3}.Debug|Any CPU.Build.0 = Debug|Any CPU
		{38566D18-6CDA-48D7-A475-D7493C269ED3}.Release|Any CPU.ActiveCfg = Release|Any CPU
		{38566D18-6CDA-48D7-A475-D7493C269ED3}.Release|Any CPU.Build.0 = Release|Any CPU
	EndGlobalSection
	GlobalSection(SolutionProperties) = preSolution
		HideSolutionNode = FALSE
	EndGlobalSection
	GlobalSection(ExtensibilityGlobals) = postSolution
		SolutionGuid = {10ACDD99-B287-4132-9CAA-281101F2569B}
	EndGlobalSection
EndGlobal
